schema: '2.0'
stages:
  prepare:
    cmd: python src/pipeline/stage_prepare.py
    deps:
    - path: data/raw/telco.csv
      hash: md5
      md5: 0f9de68e012bd3aed5fa7cdc9fc421af
      size: 977501
      isexec: true
    - path: src/data/preprocess.py
      hash: md5
      md5: 961d812a81462fbb52105d673bfb71ff
      size: 3312
      isexec: true
    - path: src/pipeline/params_loader.py
      hash: md5
      md5: 4c7ce9ec62214a102c1f2154b84c1b74
      size: 4104
    - path: src/pipeline/stage_prepare.py
      hash: md5
      md5: e80a43e2abe0915060781dfe68566677
      size: 7724
    params:
      params.yaml:
        base.random_state: 42
        data.drop_columns:
        - customerID
        data.target_column: Churn
        data.test_size: 0.2
        features.binary_cols:
        - gender
        - Partner
        - Dependents
        - PhoneService
        - PaperlessBilling
        features.multi_cat_cols:
        - MultipleLines
        - InternetService
        - OnlineSecurity
        - OnlineBackup
        - DeviceProtection
        - TechSupport
        - StreamingTV
        - StreamingMovies
        - Contract
        - PaymentMethod
        features.numeric_cols:
        - tenure
        - MonthlyCharges
        - TotalCharges
        features.tenure_bins:
        - -1
        - 12
        - 36
        - 999
        features.tenure_labels:
        - new
        - mid
        - long
    outs:
    - path: artifacts/models/feature_names.json
      hash: md5
      md5: 213fc7ff4779a6bad6bf70bd506ed5bd
      size: 893
    - path: artifacts/models/scaler.pkl
      hash: md5
      md5: 031b3ea84c06a2d8c67a3e2694317163
      size: 1055
    - path: data/processed/test.csv
      hash: md5
      md5: 1beeaa9c80ca4a83c1f4ad4e94b8cf26
      size: 344567
    - path: data/processed/train.csv
      hash: md5
      md5: dcc3f75ced433407a7cebbc8d33bbb14
      size: 1374861
  train:
    cmd: python src/pipeline/stage_train.py
    deps:
    - path: artifacts/models/feature_names.json
      hash: md5
      md5: 213fc7ff4779a6bad6bf70bd506ed5bd
      size: 893
    - path: artifacts/models/scaler.pkl
      hash: md5
      md5: 031b3ea84c06a2d8c67a3e2694317163
      size: 1055
    - path: data/processed/test.csv
      hash: md5
      md5: 1beeaa9c80ca4a83c1f4ad4e94b8cf26
      size: 344567
    - path: data/processed/train.csv
      hash: md5
      md5: dcc3f75ced433407a7cebbc8d33bbb14
      size: 1374861
    - path: src/models/train.py
      hash: md5
      md5: 2e3a8f401472809c5e725a79cd2bc620
      size: 5231
      isexec: true
    - path: src/pipeline/params_loader.py
      hash: md5
      md5: 4c7ce9ec62214a102c1f2154b84c1b74
      size: 4104
    - path: src/pipeline/stage_train.py
      hash: md5
      md5: cda2318aec78fb206c1759682039b7b4
      size: 8205
    - path: src/utils/mlflow_helpers.py
      hash: md5
      md5: cf932e086d9a548353a314ad2b1913bd
      size: 7730
      isexec: true
    params:
      params.yaml:
        base.random_state: 42
        train.logistic_regression:
          C: 1.0
          solver: lbfgs
          max_iter: 1000
          class_weight: balanced
        train.model_type: random_forest
        train.random_forest:
          n_estimators: 200
          max_depth: 8
          min_samples_split: 5
          class_weight: balanced
          n_jobs: -1
        train.xgboost:
          n_estimators: 200
          max_depth: 4
          learning_rate: 0.05
          subsample: 0.8
          scale_pos_weight: 3
          eval_metric: logloss
          verbosity: 0
    outs:
    - path: artifacts/models/best_model.pkl
      hash: md5
      md5: 1a81de714eab74806cbbe0e0bed380ab
      size: 4784409
  evaluate:
    cmd: python src/pipeline/stage_evaluate.py
    deps:
    - path: artifacts/models/best_model.pkl
      hash: md5
      md5: 1a81de714eab74806cbbe0e0bed380ab
      size: 4784409
    - path: artifacts/models/feature_names.json
      hash: md5
      md5: 213fc7ff4779a6bad6bf70bd506ed5bd
      size: 893
    - path: data/processed/test.csv
      hash: md5
      md5: 1beeaa9c80ca4a83c1f4ad4e94b8cf26
      size: 344567
    - path: src/pipeline/params_loader.py
      hash: md5
      md5: 4c7ce9ec62214a102c1f2154b84c1b74
      size: 4104
    - path: src/pipeline/stage_evaluate.py
      hash: md5
      md5: 55a6b375db405e948709bb224e47df9a
      size: 6321
    - path: src/utils/mlflow_helpers.py
      hash: md5
      md5: cf932e086d9a548353a314ad2b1913bd
      size: 7730
      isexec: true
    params:
      params.yaml:
        data.target_column: Churn
        evaluate.metrics_path: artifacts/reports/metrics.json
        evaluate.plots_dir: artifacts/reports/plots
        evaluate.report_path: artifacts/reports/classification_report.txt
    outs:
    - path: artifacts/reports/classification_report.txt
      hash: md5
      md5: 9dc49ac19d02ab4150c9e78fa0638e61
      size: 326
    - path: artifacts/reports/metrics.json
      hash: md5
      md5: fa9c23cc6a7f955f83b7a49f9bb157fc
      size: 136
    - path: artifacts/reports/plots/confusion_matrix.png
      hash: md5
      md5: 5ee07125ec89130b1c9ed6cb73b1dc3d
      size: 24193
    - path: artifacts/reports/plots/pr_curve.csv
      hash: md5
      md5: 39b93f459459daa4009ca83acdefb115
      size: 51325
    - path: artifacts/reports/plots/roc_curve.csv
      hash: md5
      md5: 4cf298210df79bd13a201e6f07dff50a
      size: 15718
